
Microsoft Visual Studio Solution File, Format Version 12.00
# Visual Studio Version 17
VisualStudioVersion = 17.1.32210.238
MinimumVisualStudioVersion = 10.0.40219.1
Project("{9A19103F-16F7-4668-BE54-9A1E7A4F7556}") = "Transmission.Net", "Transmission.Net\Transmission.Net.csproj", "{C0C59A86-4532-4B9E-A495-FE428BFEC827}"
EndProject
Project("{9A19103F-16F7-4668-BE54-9A1E7A4F7556}") = "Transmission.Net.Test", "Transmission.Net.Test\Transmission.Net.Test.csproj", "{63ABE095-72A2-436F-A591-BE979A572ECB}"
EndProject
Project("{2150E333-8FDC-42A3-9474-1A3956D46DE8}") = "Solution Items", "Solution Items", "{D2F49D84-B8CB-4D4C-91A8-CF8DAEE32686}"
	ProjectSection(SolutionItems) = preProject
		.editorconfig = .editorconfig
	EndProjectSection
EndProject
Project("{FAE04EC0-301F-11D3-BF4B-00C04F79EFBC}") = "Transmission.Net.UWP", "Transmission.Net.UWP\Transmission.Net.UWP.csproj", "{9DA8ED26-B401-46D6-9585-8F4076AEBD43}"
EndProject
Global
	GlobalSection(SolutionConfigurationPlatforms) = preSolution
		Debug|Any CPU = Debug|Any CPU
		Debug|ARM = Debug|ARM
		Debug|ARM64 = Debug|ARM64
		Debug|x64 = Debug|x64
		Debug|x86 = Debug|x86
		Release|Any CPU = Release|Any CPU
		Release|ARM = Release|ARM
		Release|ARM64 = Release|ARM64
		Release|x64 = Release|x64
		Release|x86 = Release|x86
	EndGlobalSection
	GlobalSection(ProjectConfigurationPlatforms) = postSolution
		{C0C59A86-4532-4B9E-A495-FE428BFEC827}.Debug|Any CPU.ActiveCfg = Debug|Any CPU
		{C0C59A86-4532-4B9E-A495-FE428BFEC827}.Debug|Any CPU.Build.0 = Debug|Any CPU
		{C0C59A86-4532-4B9E-A495-FE428BFEC827}.Debug|ARM.ActiveCfg = Debug|Any CPU
		{C0C59A86-4532-4B9E-A495-FE428BFEC827}.Debug|ARM.Build.0 = Debug|Any CPU
		{C0C59A86-4532-4B9E-A495-FE428BFEC827}.Debug|ARM64.ActiveCfg = Debug|Any CPU
		{C0C59A86-4532-4B9E-A495-FE428BFEC827}.Debug|ARM64.Build.0 = Debug|Any CPU
		{C0C59A86-4532-4B9E-A495-FE428BFEC827}.Debug|x64.ActiveCfg = Debug|Any CPU
		{C0C59A86-4532-4B9E-A495-FE428BFEC827}.Debug|x64.Build.0 = Debug|Any CPU
		{C0C59A86-4532-4B9E-A495-FE428BFEC827}.Debug|x86.ActiveCfg = Debug|Any CPU
		{C0C59A86-4532-4B9E-A495-FE428BFEC827}.Debug|x86.Build.0 = Debug|Any CPU
		{C0C59A86-4532-4B9E-A495-FE428BFEC827}.Release|Any CPU.ActiveCfg = Release|Any CPU
		{C0C59A86-4532-4B9E-A495-FE428BFEC827}.Release|Any CPU.Build.0 = Release|Any CPU
		{C0C59A86-4532-4B9E-A495-FE428BFEC827}.Release|ARM.ActiveCfg = Release|Any CPU
		{C0C59A86-4532-4B9E-A495-FE428BFEC827}.Release|ARM.Build.0 = Release|Any CPU
		{C0C59A86-4532-4B9E-A495-FE428BFEC827}.Release|ARM64.ActiveCfg = Release|Any CPU
		{C0C59A86-4532-4B9E-A495-FE428BFEC827}.Release|ARM64.Build.0 = Release|Any CPU
		{C0C59A86-4532-4B9E-A495-FE428BFEC827}.Release|x64.ActiveCfg = Release|Any CPU
		{C0C59A86-4532-4B9E-A495-FE428BFEC827}.Release|x64.Build.0 = Release|Any CPU
		{C0C59A86-4532-4B9E-A495-FE428BFEC827}.Release|x86.ActiveCfg = Release|Any CPU
		{C0C59A86-4532-4B9E-A495-FE428BFEC827}.Release|x86.Build.0 = Release|Any CPU
		{63ABE095-72A2-436F-A591-BE979A572ECB}.Debug|Any CPU.ActiveCfg = Debug|Any CPU
		{63ABE095-72A2-436F-A591-BE979A572ECB}.Debug|Any CPU.Build.0 = Debug|Any CPU
		{63ABE095-72A2-436F-A591-BE979A572ECB}.Debug|ARM.ActiveCfg = Debug|Any CPU
		{63ABE095-72A2-436F-A591-BE979A572ECB}.Debug|ARM64.ActiveCfg = Debug|Any CPU
		{63ABE095-72A2-436F-A591-BE979A572ECB}.Debug|x64.ActiveCfg = Debug|Any CPU
		{63ABE095-72A2-436F-A591-BE979A572ECB}.Debug|x86.ActiveCfg = Debug|Any CPU
		{63ABE095-72A2-436F-A591-BE979A572ECB}.Release|Any CPU.ActiveCfg = Release|Any CPU
		{63ABE095-72A2-436F-A591-BE979A572ECB}.Release|Any CPU.Build.0 = Release|Any CPU
		{63ABE095-72A2-436F-A591-BE979A572ECB}.Release|ARM.ActiveCfg = Release|Any CPU
		{63ABE095-72A2-436F-A591-BE979A572ECB}.Release|ARM64.ActiveCfg = Release|Any CPU
		{63ABE095-72A2-436F-A591-BE979A572ECB}.Release|x64.ActiveCfg = Release|Any CPU
		{63ABE095-72A2-436F-A591-BE979A572ECB}.Release|x86.ActiveCfg = Release|Any CPU
		{9DA8ED26-B401-46D6-9585-8F4076AEBD43}.Debug|Any CPU.ActiveCfg = Debug|Any CPU
		{9DA8ED26-B401-46D6-9585-8F4076AEBD43}.Debug|Any CPU.Build.0 = Debug|Any CPU
		{9DA8ED26-B401-46D6-9585-8F4076AEBD43}.Debug|ARM.ActiveCfg = Debug|ARM
		{9DA8ED26-B401-46D6-9585-8F4076AEBD43}.Debug|ARM.Build.0 = Debug|ARM
		{9DA8ED26-B401-46D6-9585-8F4076AEBD43}.Debug|ARM64.ActiveCfg = Debug|ARM64
		{9DA8ED26-B401-46D6-9585-8F4076AEBD43}.Debug|ARM64.Build.0 = Debug|ARM64
		{9DA8ED26-B401-46D6-9585-8F4076AEBD43}.Debug|x64.ActiveCfg = Debug|x64
		{9DA8ED26-B401-46D6-9585-8F4076AEBD43}.Debug|x64.Build.0 = Debug|x64
		{9DA8ED26-B401-46D6-9585-8F4076AEBD43}.Debug|x86.ActiveCfg = Debug|x86
		{9DA8ED26-B401-46D6-9585-8F4076AEBD43}.Debug|x86.Build.0 = Debug|x86
		{9DA8ED26-B401-46D6-9585-8F4076AEBD43}.Release|Any CPU.ActiveCfg = Release|Any CPU
		{9DA8ED26-B401-46D6-9585-8F4076AEBD43}.Release|Any CPU.Build.0 = Release|Any CPU
		{9DA8ED26-B401-46D6-9585-8F4076AEBD43}.Release|ARM.ActiveCfg = Release|ARM
		{9DA8ED26-B401-46D6-9585-8F4076AEBD43}.Release|ARM.Build.0 = Release|ARM
		{9DA8ED26-B401-46D6-9585-8F4076AEBD43}.Release|ARM64.ActiveCfg = Release|ARM64
		{9DA8ED26-B401-46D6-9585-8F4076AEBD43}.Release|ARM64.Build.0 = Release|ARM64
		{9DA8ED26-B401-46D6-9585-8F4076AEBD43}.Release|x64.ActiveCfg = Release|x64
		{9DA8ED26-B401-46D6-9585-8F4076AEBD43}.Release|x64.Build.0 = Release|x64
		{9DA8ED26-B401-46D6-9585-8F4076AEBD43}.Release|x86.ActiveCfg = Release|x86
		{9DA8ED26-B401-46D6-9585-8F4076AEBD43}.Release|x86.Build.0 = Release|x86
	EndGlobalSection
	GlobalSection(SolutionProperties) = preSolution
		HideSolutionNode = FALSE
	EndGlobalSection
	GlobalSection(ExtensibilityGlobals) = postSolution
		SolutionGuid = {049D099C-0085-4891-9CFE-32B25EA6D573}
	EndGlobalSection
EndGlobal
